
Microsoft Visual Studio Solution File, Format Version 12.00
# Visual Studio Version 17
VisualStudioVersion = 17.11.35219.272
MinimumVisualStudioVersion = 10.0.40219.1
Project("{2150E333-8FDC-42A3-9474-1A3956D46DE8}") = "Services", "Services", "{FE707D62-D1EC-4B60-A4E8-18144173C809}"
EndProject
Project("{2150E333-8FDC-42A3-9474-1A3956D46DE8}") = "Catalog", "Catalog", "{890DCFA1-053E-4251-BF15-B1B9C00A05AC}"
EndProject
Project("{9A19103F-16F7-4668-BE54-9A1E7A4F7556}") = "Catalog.API", "Services\Catalog\Catalog.API\Catalog.API.csproj", "{946760C1-72CA-4C7A-87CE-15787DC323B3}"
EndProject
Project("{2150E333-8FDC-42A3-9474-1A3956D46DE8}") = "BuildingBlocks", "BuildingBlocks", "{2B291DE6-4B18-4AC1-BCCD-D0AB0A98C7D8}"
EndProject
Project("{9A19103F-16F7-4668-BE54-9A1E7A4F7556}") = "BuildingBlocks", "BuildingBlocks\BuildingBlocks\BuildingBlocks.csproj", "{166DF294-BCF4-4FAE-A8CF-B83C0A5F9D42}"
EndProject
Project("{2150E333-8FDC-42A3-9474-1A3956D46DE8}") = "Basket", "Basket", "{035C3B2F-D731-42A7-96D7-638804292876}"
EndProject
Project("{FAE04EC0-301F-11D3-BF4B-00C04F79EFBC}") = "Basket.API", "Services\Basket\Basket.API\Basket.API.csproj", "{22213C1A-5CEF-40CA-8553-83BF7EC67BD7}"
EndProject
Global
	GlobalSection(SolutionConfigurationPlatforms) = preSolution
		Debug|Any CPU = Debug|Any CPU
		Release|Any CPU = Release|Any CPU
	EndGlobalSection
	GlobalSection(ProjectConfigurationPlatforms) = postSolution
		{946760C1-72CA-4C7A-87CE-15787DC323B3}.Debug|Any CPU.ActiveCfg = Debug|Any CPU
		{946760C1-72CA-4C7A-87CE-15787DC323B3}.Debug|Any CPU.Build.0 = Debug|Any CPU
		{946760C1-72CA-4C7A-87CE-15787DC323B3}.Release|Any CPU.ActiveCfg = Release|Any CPU
		{946760C1-72CA-4C7A-87CE-15787DC323B3}.Release|Any CPU.Build.0 = Release|Any CPU
		{166DF294-BCF4-4FAE-A8CF-B83C0A5F9D42}.Debug|Any CPU.ActiveCfg = Debug|Any CPU
		{166DF294-BCF4-4FAE-A8CF-B83C0A5F9D42}.Debug|Any CPU.Build.0 = Debug|Any CPU
		{166DF294-BCF4-4FAE-A8CF-B83C0A5F9D42}.Release|Any CPU.ActiveCfg = Release|Any CPU
		{166DF294-BCF4-4FAE-A8CF-B83C0A5F9D42}.Release|Any CPU.Build.0 = Release|Any CPU
		{22213C1A-5CEF-40CA-8553-83BF7EC67BD7}.Debug|Any CPU.ActiveCfg = Debug|Any CPU
		{22213C1A-5CEF-40CA-8553-83BF7EC67BD7}.Debug|Any CPU.Build.0 = Debug|Any CPU
		{22213C1A-5CEF-40CA-8553-83BF7EC67BD7}.Release|Any CPU.ActiveCfg = Release|Any CPU
		{22213C1A-5CEF-40CA-8553-83BF7EC67BD7}.Release|Any CPU.Build.0 = Release|Any CPU
	EndGlobalSection
	GlobalSection(SolutionProperties) = preSolution
		HideSolutionNode = FALSE
	EndGlobalSection
	GlobalSection(NestedProjects) = preSolution
		{890DCFA1-053E-4251-BF15-B1B9C00A05AC} = {FE707D62-D1EC-4B60-A4E8-18144173C809}
		{946760C1-72CA-4C7A-87CE-15787DC323B3} = {890DCFA1-053E-4251-BF15-B1B9C00A05AC}
		{166DF294-BCF4-4FAE-A8CF-B83C0A5F9D42} = {2B291DE6-4B18-4AC1-BCCD-D0AB0A98C7D8}
		{035C3B2F-D731-42A7-96D7-638804292876} = {FE707D62-D1EC-4B60-A4E8-18144173C809}
		{22213C1A-5CEF-40CA-8553-83BF7EC67BD7} = {035C3B2F-D731-42A7-96D7-638804292876}
	EndGlobalSection
	GlobalSection(ExtensibilityGlobals) = postSolution
		SolutionGuid = {FD288796-91D3-4931-8671-0B03037A1351}
	EndGlobalSection
EndGlobal
